
Microsoft Visual Studio Solution File, Format Version 12.00
Project("{FAE04EC0-301F-11D3-BF4B-00C04F79EFBC}") = "GroceriesWebAppProject", "GroceriesWebAppProject\GroceriesWebAppProject.csproj", "{33A057F3-CF9B-4206-9C30-4F168D5E2DB2}"
EndProject
Global
	GlobalSection(SolutionConfigurationPlatforms) = preSolution
		Debug|Any CPU = Debug|Any CPU
		Release|Any CPU = Release|Any CPU
	EndGlobalSection
	GlobalSection(ProjectConfigurationPlatforms) = postSolution
		{33A057F3-CF9B-4206-9C30-4F168D5E2DB2}.Debug|Any CPU.ActiveCfg = Debug|Any CPU
		{33A057F3-CF9B-4206-9C30-4F168D5E2DB2}.Debug|Any CPU.Build.0 = Debug|Any CPU
		{33A057F3-CF9B-4206-9C30-4F168D5E2DB2}.Release|Any CPU.ActiveCfg = Release|Any CPU
		{33A057F3-CF9B-4206-9C30-4F168D5E2DB2}.Release|Any CPU.Build.0 = Release|Any CPU
	EndGlobalSection
EndGlobal
